// !$*UTF8*$!
{
	archiveVersion = 1;
	classes = {
	};
	objectVersion = 56;
	objects = {

/* Begin PBXBuildFile section */
		CF7BEAF02AA2268400C6F806 /* ToDoListApp.swift in Sources */ = {isa = PBXBuildFile; fileRef = CF7BEAEF2AA2268400C6F806 /* ToDoListApp.swift */; };
		CF7BEAF22AA2268400C6F806 /* MainView.swift in Sources */ = {isa = PBXBuildFile; fileRef = CF7BEAF12AA2268400C6F806 /* MainView.swift */; };
		CF7BEAF42AA2268500C6F806 /* Assets.xcassets in Resources */ = {isa = PBXBuildFile; fileRef = CF7BEAF32AA2268500C6F806 /* Assets.xcassets */; };
		CF7BEAF72AA2268500C6F806 /* Preview Assets.xcassets in Resources */ = {isa = PBXBuildFile; fileRef = CF7BEAF62AA2268500C6F806 /* Preview Assets.xcassets */; };
		CF7BEAFF2AA2282F00C6F806 /* FirebaseAuth in Frameworks */ = {isa = PBXBuildFile; productRef = CF7BEAFE2AA2282F00C6F806 /* FirebaseAuth */; };
		CF7BEB012AA2282F00C6F806 /* FirebaseFirestore in Frameworks */ = {isa = PBXBuildFile; productRef = CF7BEB002AA2282F00C6F806 /* FirebaseFirestore */; };
		CF7BEB032AA2282F00C6F806 /* FirebaseFirestoreSwift in Frameworks */ = {isa = PBXBuildFile; productRef = CF7BEB022AA2282F00C6F806 /* FirebaseFirestoreSwift */; };
		CF7BEB052AA22C8600C6F806 /* GoogleService-Info.plist in Resources */ = {isa = PBXBuildFile; fileRef = CF7BEB042AA22C8500C6F806 /* GoogleService-Info.plist */; };
		CF8C7F712AA4D1D200E0047F /* ToDoListView.swift in Sources */ = {isa = PBXBuildFile; fileRef = CF8C7F702AA4D1D200E0047F /* ToDoListView.swift */; };
		CFC04F512AA236110093CD5C /* ProfileView.swift in Sources */ = {isa = PBXBuildFile; fileRef = CFC04F502AA236110093CD5C /* ProfileView.swift */; };
		CFC04F552AA2362F0093CD5C /* NewItemView.swift in Sources */ = {isa = PBXBuildFile; fileRef = CFC04F542AA2362F0093CD5C /* NewItemView.swift */; };
		CFC04F572AA2363C0093CD5C /* LoginView.swift in Sources */ = {isa = PBXBuildFile; fileRef = CFC04F562AA2363C0093CD5C /* LoginView.swift */; };
		CFC04F592AA236470093CD5C /* RegisterView.swift in Sources */ = {isa = PBXBuildFile; fileRef = CFC04F582AA236470093CD5C /* RegisterView.swift */; };
		CFC04F5B2AA236740093CD5C /* ToDoListItemView.swift in Sources */ = {isa = PBXBuildFile; fileRef = CFC04F5A2AA236740093CD5C /* ToDoListItemView.swift */; };
		CFC04F5D2AA236A20093CD5C /* User.swift in Sources */ = {isa = PBXBuildFile; fileRef = CFC04F5C2AA236A20093CD5C /* User.swift */; };
		CFC04F5F2AA236AC0093CD5C /* ToDoListItem.swift in Sources */ = {isa = PBXBuildFile; fileRef = CFC04F5E2AA236AC0093CD5C /* ToDoListItem.swift */; };
		CFC04F612AA236D60093CD5C /* MainViewViewModel.swift in Sources */ = {isa = PBXBuildFile; fileRef = CFC04F602AA236D60093CD5C /* MainViewViewModel.swift */; };
		CFC04F632AA237010093CD5C /* ProfileViewViewModel.swift in Sources */ = {isa = PBXBuildFile; fileRef = CFC04F622AA237010093CD5C /* ProfileViewViewModel.swift */; };
		CFC04F652AA237090093CD5C /* ToDoListViewViewModel.swift in Sources */ = {isa = PBXBuildFile; fileRef = CFC04F642AA237090093CD5C /* ToDoListViewViewModel.swift */; };
		CFC04F672AA237170093CD5C /* NewItemViewViewModel.swift in Sources */ = {isa = PBXBuildFile; fileRef = CFC04F662AA237170093CD5C /* NewItemViewViewModel.swift */; };
		CFC04F692AA2371F0093CD5C /* LoginViewViewModel.swift in Sources */ = {isa = PBXBuildFile; fileRef = CFC04F682AA2371F0093CD5C /* LoginViewViewModel.swift */; };
		CFC04F6B2AA237260093CD5C /* RegisterViewViewModel.swift in Sources */ = {isa = PBXBuildFile; fileRef = CFC04F6A2AA237260093CD5C /* RegisterViewViewModel.swift */; };
		CFC04F6D2AA237320093CD5C /* ToDoListItemViewViewModel.swift in Sources */ = {isa = PBXBuildFile; fileRef = CFC04F6C2AA237320093CD5C /* ToDoListItemViewViewModel.swift */; };
		CFC04F6F2AA2AD050093CD5C /* HeaderView.swift in Sources */ = {isa = PBXBuildFile; fileRef = CFC04F6E2AA2AD050093CD5C /* HeaderView.swift */; };
		CFD9CB582AB5DC23007F6C86 /* .gitignore.rtf in Resources */ = {isa = PBXBuildFile; fileRef = CFD9CB572AB5DC23007F6C86 /* .gitignore.rtf */; };
/* End PBXBuildFile section */

/* Begin PBXFileReference section */
		CF7BEAEC2AA2268400C6F806 /* ToDoList.app */ = {isa = PBXFileReference; explicitFileType = wrapper.application; includeInIndex = 0; path = ToDoList.app; sourceTree = BUILT_PRODUCTS_DIR; };
		CF7BEAEF2AA2268400C6F806 /* ToDoListApp.swift */ = {isa = PBXFileReference; lastKnownFileType = sourcecode.swift; path = ToDoListApp.swift; sourceTree = "<group>"; };
		CF7BEAF12AA2268400C6F806 /* MainView.swift */ = {isa = PBXFileReference; lastKnownFileType = sourcecode.swift; path = MainView.swift; sourceTree = "<group>"; };
		CF7BEAF32AA2268500C6F806 /* Assets.xcassets */ = {isa = PBXFileReference; lastKnownFileType = folder.assetcatalog; path = Assets.xcassets; sourceTree = "<group>"; };
		CF7BEAF62AA2268500C6F806 /* Preview Assets.xcassets */ = {isa = PBXFileReference; lastKnownFileType = folder.assetcatalog; path = "Preview Assets.xcassets"; sourceTree = "<group>"; };
		CF7BEB042AA22C8500C6F806 /* GoogleService-Info.plist */ = {isa = PBXFileReference; fileEncoding = 4; lastKnownFileType = text.plist.xml; path = "GoogleService-Info.plist"; sourceTree = "<group>"; };
		CF8C7F702AA4D1D200E0047F /* ToDoListView.swift */ = {isa = PBXFileReference; lastKnownFileType = sourcecode.swift; path = ToDoListView.swift; sourceTree = "<group>"; };
		CFC04F502AA236110093CD5C /* ProfileView.swift */ = {isa = PBXFileReference; lastKnownFileType = sourcecode.swift; path = ProfileView.swift; sourceTree = "<group>"; };
		CFC04F542AA2362F0093CD5C /* NewItemView.swift */ = {isa = PBXFileReference; lastKnownFileType = sourcecode.swift; path = NewItemView.swift; sourceTree = "<group>"; };
		CFC04F562AA2363C0093CD5C /* LoginView.swift */ = {isa = PBXFileReference; lastKnownFileType = sourcecode.swift; path = LoginView.swift; sourceTree = "<group>"; };
		CFC04F582AA236470093CD5C /* RegisterView.swift */ = {isa = PBXFileReference; lastKnownFileType = sourcecode.swift; path = RegisterView.swift; sourceTree = "<group>"; };
		CFC04F5A2AA236740093CD5C /* ToDoListItemView.swift */ = {isa = PBXFileReference; lastKnownFileType = sourcecode.swift; path = ToDoListItemView.swift; sourceTree = "<group>"; };
		CFC04F5C2AA236A20093CD5C /* User.swift */ = {isa = PBXFileReference; lastKnownFileType = sourcecode.swift; path = User.swift; sourceTree = "<group>"; };
		CFC04F5E2AA236AC0093CD5C /* ToDoListItem.swift */ = {isa = PBXFileReference; lastKnownFileType = sourcecode.swift; path = ToDoListItem.swift; sourceTree = "<group>"; };
		CFC04F602AA236D60093CD5C /* MainViewViewModel.swift */ = {isa = PBXFileReference; lastKnownFileType = sourcecode.swift; path = MainViewViewModel.swift; sourceTree = "<group>"; };
		CFC04F622AA237010093CD5C /* ProfileViewViewModel.swift */ = {isa = PBXFileReference; lastKnownFileType = sourcecode.swift; path = ProfileViewViewModel.swift; sourceTree = "<group>"; };
		CFC04F642AA237090093CD5C /* ToDoListViewViewModel.swift */ = {isa = PBXFileReference; lastKnownFileType = sourcecode.swift; path = ToDoListViewViewModel.swift; sourceTree = "<group>"; };
		CFC04F662AA237170093CD5C /* NewItemViewViewModel.swift */ = {isa = PBXFileReference; lastKnownFileType = sourcecode.swift; path = NewItemViewViewModel.swift; sourceTree = "<group>"; };
		CFC04F682AA2371F0093CD5C /* LoginViewViewModel.swift */ = {isa = PBXFileReference; lastKnownFileType = sourcecode.swift; path = LoginViewViewModel.swift; sourceTree = "<group>"; };
		CFC04F6A2AA237260093CD5C /* RegisterViewViewModel.swift */ = {isa = PBXFileReference; lastKnownFileType = sourcecode.swift; path = RegisterViewViewModel.swift; sourceTree = "<group>"; };
		CFC04F6C2AA237320093CD5C /* ToDoListItemViewViewModel.swift */ = {isa = PBXFileReference; lastKnownFileType = sourcecode.swift; path = ToDoListItemViewViewModel.swift; sourceTree = "<group>"; };
		CFC04F6E2AA2AD050093CD5C /* HeaderView.swift */ = {isa = PBXFileReference; lastKnownFileType = sourcecode.swift; path = HeaderView.swift; sourceTree = "<group>"; };
		CFD9CB572AB5DC23007F6C86 /* .gitignore.rtf */ = {isa = PBXFileReference; lastKnownFileType = text.rtf; path = .gitignore.rtf; sourceTree = "<group>"; };
/* End PBXFileReference section */

/* Begin PBXFrameworksBuildPhase section */
		CF7BEAE92AA2268400C6F806 /* Frameworks */ = {
			isa = PBXFrameworksBuildPhase;
			buildActionMask = 2147483647;
			files = (
				CF7BEAFF2AA2282F00C6F806 /* FirebaseAuth in Frameworks */,
				CF7BEB012AA2282F00C6F806 /* FirebaseFirestore in Frameworks */,
				CF7BEB032AA2282F00C6F806 /* FirebaseFirestoreSwift in Frameworks */,
			);
			runOnlyForDeploymentPostprocessing = 0;
		};
/* End PBXFrameworksBuildPhase section */

/* Begin PBXGroup section */
		CF7BEAE32AA2268400C6F806 = {
			isa = PBXGroup;
			children = (
				CF7BEAEE2AA2268400C6F806 /* ToDoList */,
				CF7BEAED2AA2268400C6F806 /* Products */,
			);
			sourceTree = "<group>";
		};
		CF7BEAED2AA2268400C6F806 /* Products */ = {
			isa = PBXGroup;
			children = (
				CF7BEAEC2AA2268400C6F806 /* ToDoList.app */,
			);
			name = Products;
			sourceTree = "<group>";
		};
		CF7BEAEE2AA2268400C6F806 /* ToDoList */ = {
			isa = PBXGroup;
			children = (
				CF7BEB0A2AA22DFD00C6F806 /* Other */,
				CF7BEB092AA22DE100C6F806 /* Models */,
				CF7BEB082AA22DD900C6F806 /* ViewModels */,
				CF7BEB072AA22DD000C6F806 /* Views */,
				CF7BEAF52AA2268500C6F806 /* Preview Content */,
				CFD9CB572AB5DC23007F6C86 /* .gitignore.rtf */,
			);
			path = ToDoList;
			sourceTree = "<group>";
		};
		CF7BEAF52AA2268500C6F806 /* Preview Content */ = {
			isa = PBXGroup;
			children = (
				CF7BEAF62AA2268500C6F806 /* Preview Assets.xcassets */,
			);
			path = "Preview Content";
			sourceTree = "<group>";
		};
		CF7BEB072AA22DD000C6F806 /* Views */ = {
			isa = PBXGroup;
			children = (
				CF7BEAF12AA2268400C6F806 /* MainView.swift */,
				CF8C7F702AA4D1D200E0047F /* ToDoListView.swift */,
				CFC04F502AA236110093CD5C /* ProfileView.swift */,
				CFC04F542AA2362F0093CD5C /* NewItemView.swift */,
				CFC04F562AA2363C0093CD5C /* LoginView.swift */,
				CFC04F582AA236470093CD5C /* RegisterView.swift */,
				CFC04F5A2AA236740093CD5C /* ToDoListItemView.swift */,
				CFC04F6E2AA2AD050093CD5C /* HeaderView.swift */,
			);
			path = Views;
			sourceTree = "<group>";
		};
		CF7BEB082AA22DD900C6F806 /* ViewModels */ = {
			isa = PBXGroup;
			children = (
				CFC04F602AA236D60093CD5C /* MainViewViewModel.swift */,
				CFC04F622AA237010093CD5C /* ProfileViewViewModel.swift */,
				CFC04F642AA237090093CD5C /* ToDoListViewViewModel.swift */,
				CFC04F662AA237170093CD5C /* NewItemViewViewModel.swift */,
				CFC04F682AA2371F0093CD5C /* LoginViewViewModel.swift */,
				CFC04F6A2AA237260093CD5C /* RegisterViewViewModel.swift */,
				CFC04F6C2AA237320093CD5C /* ToDoListItemViewViewModel.swift */,
			);
			path = ViewModels;
			sourceTree = "<group>";
		};
		CF7BEB092AA22DE100C6F806 /* Models */ = {
			isa = PBXGroup;
			children = (
				CFC04F5C2AA236A20093CD5C /* User.swift */,
				CFC04F5E2AA236AC0093CD5C /* ToDoListItem.swift */,
			);
			path = Models;
			sourceTree = "<group>";
		};
		CF7BEB0A2AA22DFD00C6F806 /* Other */ = {
			isa = PBXGroup;
			children = (
				CF7BEAF32AA2268500C6F806 /* Assets.xcassets */,
				CF7BEB042AA22C8500C6F806 /* GoogleService-Info.plist */,
				CF7BEAEF2AA2268400C6F806 /* ToDoListApp.swift */,
			);
			path = Other;
			sourceTree = "<group>";
		};
/* End PBXGroup section */

/* Begin PBXNativeTarget section */
		CF7BEAEB2AA2268400C6F806 /* ToDoList */ = {
			isa = PBXNativeTarget;
			buildConfigurationList = CF7BEAFA2AA2268500C6F806 /* Build configuration list for PBXNativeTarget "ToDoList" */;
			buildPhases = (
				CF7BEAE82AA2268400C6F806 /* Sources */,
				CF7BEAE92AA2268400C6F806 /* Frameworks */,
				CF7BEAEA2AA2268400C6F806 /* Resources */,
			);
			buildRules = (
			);
			dependencies = (
			);
			name = ToDoList;
			packageProductDependencies = (
				CF7BEAFE2AA2282F00C6F806 /* FirebaseAuth */,
				CF7BEB002AA2282F00C6F806 /* FirebaseFirestore */,
				CF7BEB022AA2282F00C6F806 /* FirebaseFirestoreSwift */,
			);
			productName = ToDoList;
			productReference = CF7BEAEC2AA2268400C6F806 /* ToDoList.app */;
			productType = "com.apple.product-type.application";
		};
/* End PBXNativeTarget section */

/* Begin PBXProject section */
		CF7BEAE42AA2268400C6F806 /* Project object */ = {
			isa = PBXProject;
			attributes = {
				BuildIndependentTargetsInParallel = 1;
				LastSwiftUpdateCheck = 1430;
				LastUpgradeCheck = 1430;
				TargetAttributes = {
					CF7BEAEB2AA2268400C6F806 = {
						CreatedOnToolsVersion = 14.3.1;
					};
				};
			};
			buildConfigurationList = CF7BEAE72AA2268400C6F806 /* Build configuration list for PBXProject "ToDoList" */;
			compatibilityVersion = "Xcode 14.0";
			developmentRegion = en;
			hasScannedForEncodings = 0;
			knownRegions = (
				en,
				Base,
			);
			mainGroup = CF7BEAE32AA2268400C6F806;
			packageReferences = (
				CF7BEAFD2AA2282F00C6F806 /* XCRemoteSwiftPackageReference "firebase-ios-sdk" */,
			);
			productRefGroup = CF7BEAED2AA2268400C6F806 /* Products */;
			projectDirPath = "";
			projectRoot = "";
			targets = (
				CF7BEAEB2AA2268400C6F806 /* ToDoList */,
			);
		};
/* End PBXProject section */

/* Begin PBXResourcesBuildPhase section */
		CF7BEAEA2AA2268400C6F806 /* Resources */ = {
			isa = PBXResourcesBuildPhase;
			buildActionMask = 2147483647;
			files = (
				CF7BEAF72AA2268500C6F806 /* Preview Assets.xcassets in Resources */,
				CF7BEAF42AA2268500C6F806 /* Assets.xcassets in Resources */,
				CFD9CB582AB5DC23007F6C86 /* .gitignore.rtf in Resources */,
				CF7BEB052AA22C8600C6F806 /* GoogleService-Info.plist in Resources */,
			);
			runOnlyForDeploymentPostprocessing = 0;
		};
/* End PBXResourcesBuildPhase section */

/* Begin PBXSourcesBuildPhase section */
		CF7BEAE82AA2268400C6F806 /* Sources */ = {
			isa = PBXSourcesBuildPhase;
			buildActionMask = 2147483647;
			files = (
				CFC04F572AA2363C0093CD5C /* LoginView.swift in Sources */,
				CFC04F6F2AA2AD050093CD5C /* HeaderView.swift in Sources */,
				CF7BEAF22AA2268400C6F806 /* MainView.swift in Sources */,
				CFC04F6B2AA237260093CD5C /* RegisterViewViewModel.swift in Sources */,
				CFC04F612AA236D60093CD5C /* MainViewViewModel.swift in Sources */,
				CFC04F592AA236470093CD5C /* RegisterView.swift in Sources */,
				CFC04F632AA237010093CD5C /* ProfileViewViewModel.swift in Sources */,
				CFC04F512AA236110093CD5C /* ProfileView.swift in Sources */,
				CFC04F5D2AA236A20093CD5C /* User.swift in Sources */,
				CFC04F5B2AA236740093CD5C /* ToDoListItemView.swift in Sources */,
				CFC04F652AA237090093CD5C /* ToDoListViewViewModel.swift in Sources */,
				CFC04F692AA2371F0093CD5C /* LoginViewViewModel.swift in Sources */,
				CF8C7F712AA4D1D200E0047F /* ToDoListView.swift in Sources */,
				CF7BEAF02AA2268400C6F806 /* ToDoListApp.swift in Sources */,
				CFC04F5F2AA236AC0093CD5C /* ToDoListItem.swift in Sources */,
				CFC04F552AA2362F0093CD5C /* NewItemView.swift in Sources */,
				CFC04F672AA237170093CD5C /* NewItemViewViewModel.swift in Sources */,
				CFC04F6D2AA237320093CD5C /* ToDoListItemViewViewModel.swift in Sources */,
			);
			runOnlyForDeploymentPostprocessing = 0;
		};
/* End PBXSourcesBuildPhase section */

/* Begin XCBuildConfiguration section */
		CF7BEAF82AA2268500C6F806 /* Debug */ = {
			isa = XCBuildConfiguration;
			buildSettings = {
				ALWAYS_SEARCH_USER_PATHS = NO;
				CLANG_ANALYZER_NONNULL = YES;
				CLANG_ANALYZER_NUMBER_OBJECT_CONVERSION = YES_AGGRESSIVE;
				CLANG_CXX_LANGUAGE_STANDARD = "gnu++20";
				CLANG_ENABLE_MODULES = YES;
				CLANG_ENABLE_OBJC_ARC = YES;
				CLANG_ENABLE_OBJC_WEAK = YES;
				CLANG_WARN_BLOCK_CAPTURE_AUTORELEASING = YES;
				CLANG_WARN_BOOL_CONVERSION = YES;
				CLANG_WARN_COMMA = YES;
				CLANG_WARN_CONSTANT_CONVERSION = YES;
				CLANG_WARN_DEPRECATED_OBJC_IMPLEMENTATIONS = YES;
				CLANG_WARN_DIRECT_OBJC_ISA_USAGE = YES_ERROR;
				CLANG_WARN_DOCUMENTATION_COMMENTS = YES;
				CLANG_WARN_EMPTY_BODY = YES;
				CLANG_WARN_ENUM_CONVERSION = YES;
				CLANG_WARN_INFINITE_RECURSION = YES;
				CLANG_WARN_INT_CONVERSION = YES;
				CLANG_WARN_NON_LITERAL_NULL_CONVERSION = YES;
				CLANG_WARN_OBJC_IMPLICIT_RETAIN_SELF = YES;
				CLANG_WARN_OBJC_LITERAL_CONVERSION = YES;
				CLANG_WARN_OBJC_ROOT_CLASS = YES_ERROR;
				CLANG_WARN_QUOTED_INCLUDE_IN_FRAMEWORK_HEADER = YES;
				CLANG_WARN_RANGE_LOOP_ANALYSIS = YES;
				CLANG_WARN_STRICT_PROTOTYPES = YES;
				CLANG_WARN_SUSPICIOUS_MOVE = YES;
				CLANG_WARN_UNGUARDED_AVAILABILITY = YES_AGGRESSIVE;
				CLANG_WARN_UNREACHABLE_CODE = YES;
				CLANG_WARN__DUPLICATE_METHOD_MATCH = YES;
				COPY_PHASE_STRIP = NO;
				DEBUG_INFORMATION_FORMAT = dwarf;
				ENABLE_STRICT_OBJC_MSGSEND = YES;
				ENABLE_TESTABILITY = YES;
				GCC_C_LANGUAGE_STANDARD = gnu11;
				GCC_DYNAMIC_NO_PIC = NO;
				GCC_NO_COMMON_BLOCKS = YES;
				GCC_OPTIMIZATION_LEVEL = 0;
				GCC_PREPROCESSOR_DEFINITIONS = (
					"DEBUG=1",
					"$(inherited)",
				);
				GCC_WARN_64_TO_32_BIT_CONVERSION = YES;
				GCC_WARN_ABOUT_RETURN_TYPE = YES_ERROR;
				GCC_WARN_UNDECLARED_SELECTOR = YES;
				GCC_WARN_UNINITIALIZED_AUTOS = YES_AGGRESSIVE;
				GCC_WARN_UNUSED_FUNCTION = YES;
				GCC_WARN_UNUSED_VARIABLE = YES;
				IPHONEOS_DEPLOYMENT_TARGET = 16.4;
				MTL_ENABLE_DEBUG_INFO = INCLUDE_SOURCE;
				MTL_FAST_MATH = YES;
				ONLY_ACTIVE_ARCH = YES;
				SDKROOT = iphoneos;
				SWIFT_ACTIVE_COMPILATION_CONDITIONS = DEBUG;
				SWIFT_OPTIMIZATION_LEVEL = "-Onone";
			};
			name = Debug;
		};
		CF7BEAF92AA2268500C6F806 /* Release */ = {
			isa = XCBuildConfiguration;
			buildSettings = {
				ALWAYS_SEARCH_USER_PATHS = NO;
				CLANG_ANALYZER_NONNULL = YES;
				CLANG_ANALYZER_NUMBER_OBJECT_CONVERSION = YES_AGGRESSIVE;
				CLANG_CXX_LANGUAGE_STANDARD = "gnu++20";
				CLANG_ENABLE_MODULES = YES;
				CLANG_ENABLE_OBJC_ARC = YES;
				CLANG_ENABLE_OBJC_WEAK = YES;
				CLANG_WARN_BLOCK_CAPTURE_AUTORELEASING = YES;
				CLANG_WARN_BOOL_CONVERSION = YES;
				CLANG_WARN_COMMA = YES;
				CLANG_WARN_CONSTANT_CONVERSION = YES;
				CLANG_WARN_DEPRECATED_OBJC_IMPLEMENTATIONS = YES;
				CLANG_WARN_DIRECT_OBJC_ISA_USAGE = YES_ERROR;
				CLANG_WARN_DOCUMENTATION_COMMENTS = YES;
				CLANG_WARN_EMPTY_BODY = YES;
				CLANG_WARN_ENUM_CONVERSION = YES;
				CLANG_WARN_INFINITE_RECURSION = YES;
				CLANG_WARN_INT_CONVERSION = YES;
				CLANG_WARN_NON_LITERAL_NULL_CONVERSION = YES;
				CLANG_WARN_OBJC_IMPLICIT_RETAIN_SELF = YES;
				CLANG_WARN_OBJC_LITERAL_CONVERSION = YES;
				CLANG_WARN_OBJC_ROOT_CLASS = YES_ERROR;
				CLANG_WARN_QUOTED_INCLUDE_IN_FRAMEWORK_HEADER = YES;
				CLANG_WARN_RANGE_LOOP_ANALYSIS = YES;
				CLANG_WARN_STRICT_PROTOTYPES = YES;
				CLANG_WARN_SUSPICIOUS_MOVE = YES;
				CLANG_WARN_UNGUARDED_AVAILABILITY = YES_AGGRESSIVE;
				CLANG_WARN_UNREACHABLE_CODE = YES;
				CLANG_WARN__DUPLICATE_METHOD_MATCH = YES;
				COPY_PHASE_STRIP = NO;
				DEBUG_INFORMATION_FORMAT = "dwarf-with-dsym";
				ENABLE_NS_ASSERTIONS = NO;
				ENABLE_STRICT_OBJC_MSGSEND = YES;
				GCC_C_LANGUAGE_STANDARD = gnu11;
				GCC_NO_COMMON_BLOCKS = YES;
				GCC_WARN_64_TO_32_BIT_CONVERSION = YES;
				GCC_WARN_ABOUT_RETURN_TYPE = YES_ERROR;
				GCC_WARN_UNDECLARED_SELECTOR = YES;
				GCC_WARN_UNINITIALIZED_AUTOS = YES_AGGRESSIVE;
				GCC_WARN_UNUSED_FUNCTION = YES;
				GCC_WARN_UNUSED_VARIABLE = YES;
				IPHONEOS_DEPLOYMENT_TARGET = 16.4;
				MTL_ENABLE_DEBUG_INFO = NO;
				MTL_FAST_MATH = YES;
				SDKROOT = iphoneos;
				SWIFT_COMPILATION_MODE = wholemodule;
				SWIFT_OPTIMIZATION_LEVEL = "-O";
				VALIDATE_PRODUCT = YES;
			};
			name = Release;
		};
		CF7BEAFB2AA2268500C6F806 /* Debug */ = {
			isa = XCBuildConfiguration;
			buildSettings = {
				ASSETCATALOG_COMPILER_APPICON_NAME = AppIcon;
				ASSETCATALOG_COMPILER_GLOBAL_ACCENT_COLOR_NAME = AccentColor;
				CODE_SIGN_STYLE = Automatic;
				CURRENT_PROJECT_VERSION = 1;
				DEVELOPMENT_ASSET_PATHS = "\"ToDoList/Preview Content\"";
				DEVELOPMENT_TEAM = J7XL37XCN2;
				ENABLE_PREVIEWS = YES;
				GENERATE_INFOPLIST_FILE = YES;
				INFOPLIST_KEY_CFBundleDisplayName = "To Do List";
				INFOPLIST_KEY_UIApplicationSceneManifest_Generation = YES;
				INFOPLIST_KEY_UIApplicationSupportsIndirectInputEvents = YES;
				INFOPLIST_KEY_UILaunchScreen_Generation = YES;
				INFOPLIST_KEY_UISupportedInterfaceOrientations = UIInterfaceOrientationPortrait;
				LD_RUNPATH_SEARCH_PATHS = (
					"$(inherited)",
					"@executable_path/Frameworks",
				);
				MARKETING_VERSION = 1.0;
				PRODUCT_BUNDLE_IDENTIFIER = com.pauloadeva.ToDoList;
				PRODUCT_NAME = "$(TARGET_NAME)";
				SWIFT_EMIT_LOC_STRINGS = YES;
				SWIFT_VERSION = 5.0;
				TARGETED_DEVICE_FAMILY = "1,2";
			};
			name = Debug;
		};
		CF7BEAFC2AA2268500C6F806 /* Release */ = {
			isa = XCBuildConfiguration;
			buildSettings = {
				ASSETCATALOG_COMPILER_APPICON_NAME = AppIcon;
				ASSETCATALOG_COMPILER_GLOBAL_ACCENT_COLOR_NAME = AccentColor;
				CODE_SIGN_STYLE = Automatic;
				CURRENT_PROJECT_VERSION = 1;
				DEVELOPMENT_ASSET_PATHS = "\"ToDoList/Preview Content\"";
				DEVELOPMENT_TEAM = J7XL37XCN2;
				ENABLE_PREVIEWS = YES;
				GENERATE_INFOPLIST_FILE = YES;
				INFOPLIST_KEY_CFBundleDisplayName = "To Do List";
				INFOPLIST_KEY_UIApplicationSceneManifest_Generation = YES;
				INFOPLIST_KEY_UIApplicationSupportsIndirectInputEvents = YES;
				INFOPLIST_KEY_UILaunchScreen_Generation = YES;
				INFOPLIST_KEY_UISupportedInterfaceOrientations = UIInterfaceOrientationPortrait;
				LD_RUNPATH_SEARCH_PATHS = (
					"$(inherited)",
					"@executable_path/Frameworks",
				);
				MARKETING_VERSION = 1.0;
				PRODUCT_BUNDLE_IDENTIFIER = com.pauloadeva.ToDoList;
				PRODUCT_NAME = "$(TARGET_NAME)";
				SWIFT_EMIT_LOC_STRINGS = YES;
				SWIFT_VERSION = 5.0;
				TARGETED_DEVICE_FAMILY = "1,2";
			};
			name = Release;
		};
/* End XCBuildConfiguration section */

/* Begin XCConfigurationList section */
		CF7BEAE72AA2268400C6F806 /* Build configuration list for PBXProject "ToDoList" */ = {
			isa = XCConfigurationList;
			buildConfigurations = (
				CF7BEAF82AA2268500C6F806 /* Debug */,
				CF7BEAF92AA2268500C6F806 /* Release */,
			);
			defaultConfigurationIsVisible = 0;
			defaultConfigurationName = Release;
		};
		CF7BEAFA2AA2268500C6F806 /* Build configuration list for PBXNativeTarget "ToDoList" */ = {
			isa = XCConfigurationList;
			buildConfigurations = (
				CF7BEAFB2AA2268500C6F806 /* Debug */,
				CF7BEAFC2AA2268500C6F806 /* Release */,
			);
			defaultConfigurationIsVisible = 0;
			defaultConfigurationName = Release;
		};
/* End XCConfigurationList section */

/* Begin XCRemoteSwiftPackageReference section */
		CF7BEAFD2AA2282F00C6F806 /* XCRemoteSwiftPackageReference "firebase-ios-sdk" */ = {
			isa = XCRemoteSwiftPackageReference;
			repositoryURL = "https://github.com/firebase/firebase-ios-sdk";
			requirement = {
				kind = upToNextMajorVersion;
				minimumVersion = 10.0.0;
			};
		};
/* End XCRemoteSwiftPackageReference section */

/* Begin XCSwiftPackageProductDependency section */
		CF7BEAFE2AA2282F00C6F806 /* FirebaseAuth */ = {
			isa = XCSwiftPackageProductDependency;
			package = CF7BEAFD2AA2282F00C6F806 /* XCRemoteSwiftPackageReference "firebase-ios-sdk" */;
			productName = FirebaseAuth;
		};
		CF7BEB002AA2282F00C6F806 /* FirebaseFirestore */ = {
			isa = XCSwiftPackageProductDependency;
			package = CF7BEAFD2AA2282F00C6F806 /* XCRemoteSwiftPackageReference "firebase-ios-sdk" */;
			productName = FirebaseFirestore;
		};
		CF7BEB022AA2282F00C6F806 /* FirebaseFirestoreSwift */ = {
			isa = XCSwiftPackageProductDependency;
			package = CF7BEAFD2AA2282F00C6F806 /* XCRemoteSwiftPackageReference "firebase-ios-sdk" */;
			productName = FirebaseFirestoreSwift;
		};
/* End XCSwiftPackageProductDependency section */
	};
	rootObject = CF7BEAE42AA2268400C6F806 /* Project object */;
}
